{
  "lockfileVersion": 1,
  "configVersion": 1,
  "workspaces": {
    "": {
      "name": "experiment-harness",
      "devDependencies": {
        "client-zip": "2.5.0",
        "typescript": "5.9.3",
      },
    },
  },
  "packages": {
    "client-zip": ["client-zip@2.5.0", "", {}, "sha512-ydG4nDZesbFurnNq0VVCp/yyomIBh+X/1fZPI/P24zbnG4dtC4tQAfI5uQsomigsUMeiRO2wiTPizLWQh+IAyQ=="],

    "typescript": ["typescript@5.9.3", "", { "bin": { "tsc": "bin/tsc", "tsserver": "bin/tsserver" } }, "sha512-jl1vZzPDinLr9eUt3J/t7V6FgNEw9QjvBPdysz9KfQDD41fQrC2Y4vKQdiaUpFT4bXlb1RHhLpp8wtm6M5TgSw=="],
  }
}
